
Microsoft Visual Studio Solution File, Format Version 12.00
# Visual Studio Version 17
VisualStudioVersion = 17.9.34616.47
MinimumVisualStudioVersion = 10.0.40219.1
Project("{FAE04EC0-301F-11D3-BF4B-00C04F79EFBC}") = "InterfaceSample", "InterfaceSample\InterfaceSample.csproj", "{7290A93E-A38A-4452-894D-34CBA20D973A}"
EndProject
Project("{FAE04EC0-301F-11D3-BF4B-00C04F79EFBC}") = "InterfaceSample.Core", "InterfaceSample.Core\InterfaceSample.Core.csproj", "{CC8105B2-CFA1-44E1-9652-3DF7E660002F}"
EndProject
Global
	GlobalSection(SolutionConfigurationPlatforms) = preSolution
		Debug|Any CPU = Debug|Any CPU
		Release|Any CPU = Release|Any CPU
	EndGlobalSection
	GlobalSection(ProjectConfigurationPlatforms) = postSolution
		{7290A93E-A38A-4452-894D-34CBA20D973A}.Debug|Any CPU.ActiveCfg = Debug|Any CPU
		{7290A93E-A38A-4452-894D-34CBA20D973A}.Debug|Any CPU.Build.0 = Debug|Any CPU
		{7290A93E-A38A-4452-894D-34CBA20D973A}.Release|Any CPU.ActiveCfg = Release|Any CPU
		{7290A93E-A38A-4452-894D-34CBA20D973A}.Release|Any CPU.Build.0 = Release|Any CPU
		{CC8105B2-CFA1-44E1-9652-3DF7E660002F}.Debug|Any CPU.ActiveCfg = Debug|Any CPU
		{CC8105B2-CFA1-44E1-9652-3DF7E660002F}.Debug|Any CPU.Build.0 = Debug|Any CPU
		{CC8105B2-CFA1-44E1-9652-3DF7E660002F}.Release|Any CPU.ActiveCfg = Release|Any CPU
		{CC8105B2-CFA1-44E1-9652-3DF7E660002F}.Release|Any CPU.Build.0 = Release|Any CPU
	EndGlobalSection
	GlobalSection(SolutionProperties) = preSolution
		HideSolutionNode = FALSE
	EndGlobalSection
	GlobalSection(ExtensibilityGlobals) = postSolution
		SolutionGuid = {84879585-E994-45AC-9EB9-227A5E041911}
	EndGlobalSection
EndGlobal
